// !$*UTF8*$!
{
	archiveVersion = 1;
	classes = {
	};
	objectVersion = 46;
	objects = {

/* Begin PBXBuildFile section */
		267F4E811C8FF6E4002FC931 /* main.m in Sources */ = {isa = PBXBuildFile; fileRef = 267F4E801C8FF6E4002FC931 /* main.m */; };
		267F4E841C8FF6E4002FC931 /* AppDelegate.m in Sources */ = {isa = PBXBuildFile; fileRef = 267F4E831C8FF6E4002FC931 /* AppDelegate.m */; };
		267F4E871C8FF6E4002FC931 /* ViewController.m in Sources */ = {isa = PBXBuildFile; fileRef = 267F4E861C8FF6E4002FC931 /* ViewController.m */; };
		267F4E8A1C8FF6E4002FC931 /* Main.storyboard in Resources */ = {isa = PBXBuildFile; fileRef = 267F4E881C8FF6E4002FC931 /* Main.storyboard */; };
		267F4E8C1C8FF6E4002FC931 /* Assets.xcassets in Resources */ = {isa = PBXBuildFile; fileRef = 267F4E8B1C8FF6E4002FC931 /* Assets.xcassets */; };
		267F4E8F1C8FF6E4002FC931 /* LaunchScreen.storyboard in Resources */ = {isa = PBXBuildFile; fileRef = 267F4E8D1C8FF6E4002FC931 /* LaunchScreen.storyboard */; };
		267F4E971C8FF7E9002FC931 /* File in Resources */ = {isa = PBXBuildFile; fileRef = 267F4E961C8FF7E9002FC931 /* File */; };
		267F4E9D1C8FFD2B002FC931 /* UIImage+MyImage.m in Sources */ = {isa = PBXBuildFile; fileRef = 267F4E9C1C8FFD2B002FC931 /* UIImage+MyImage.m */; };
		267F4EA41C900B76002FC931 /* old_iOS8+.png in Resources */ = {isa = PBXBuildFile; fileRef = 267F4EA21C900B75002FC931 /* old_iOS8+.png */; };
		267F4EA51C900B76002FC931 /* old.png in Resources */ = {isa = PBXBuildFile; fileRef = 267F4EA31C900B75002FC931 /* old.png */; };
/* End PBXBuildFile section */

/* Begin PBXFileReference section */
		267F4E7C1C8FF6E4002FC931 /* RunTimeText.app */ = {isa = PBXFileReference; explicitFileType = wrapper.application; includeInIndex = 0; path = RunTimeText.app; sourceTree = BUILT_PRODUCTS_DIR; };
		267F4E801C8FF6E4002FC931 /* main.m */ = {isa = PBXFileReference; lastKnownFileType = sourcecode.c.objc; path = main.m; sourceTree = "<group>"; };
		267F4E821C8FF6E4002FC931 /* AppDelegate.h */ = {isa = PBXFileReference; lastKnownFileType = sourcecode.c.h; path = AppDelegate.h; sourceTree = "<group>"; };
		267F4E831C8FF6E4002FC931 /* AppDelegate.m */ = {isa = PBXFileReference; lastKnownFileType = sourcecode.c.objc; path = AppDelegate.m; sourceTree = "<group>"; };
		267F4E851C8FF6E4002FC931 /* ViewController.h */ = {isa = PBXFileReference; lastKnownFileType = sourcecode.c.h; path = ViewController.h; sourceTree = "<group>"; };
		267F4E861C8FF6E4002FC931 /* ViewController.m */ = {isa = PBXFileReference; lastKnownFileType = sourcecode.c.objc; path = ViewController.m; sourceTree = "<group>"; };
		267F4E891C8FF6E4002FC931 /* Base */ = {isa = PBXFileReference; lastKnownFileType = file.storyboard; name = Base; path = Base.lproj/Main.storyboard; sourceTree = "<group>"; };
		267F4E8B1C8FF6E4002FC931 /* Assets.xcassets */ = {isa = PBXFileReference; lastKnownFileType = folder.assetcatalog; path = Assets.xcassets; sourceTree = "<group>"; };
		267F4E8E1C8FF6E4002FC931 /* Base */ = {isa = PBXFileReference; lastKnownFileType = file.storyboard; name = Base; path = Base.lproj/LaunchScreen.storyboard; sourceTree = "<group>"; };
		267F4E901C8FF6E4002FC931 /* Info.plist */ = {isa = PBXFileReference; lastKnownFileType = text.plist.xml; path = Info.plist; sourceTree = "<group>"; };
		267F4E961C8FF7E9002FC931 /* File */ = {isa = PBXFileReference; fileEncoding = 4; lastKnownFileType = text; path = File; sourceTree = "<group>"; };
		267F4E9B1C8FFD2B002FC931 /* UIImage+MyImage.h */ = {isa = PBXFileReference; fileEncoding = 4; lastKnownFileType = sourcecode.c.h; path = "UIImage+MyImage.h"; sourceTree = "<group>"; };
		267F4E9C1C8FFD2B002FC931 /* UIImage+MyImage.m */ = {isa = PBXFileReference; fileEncoding = 4; lastKnownFileType = sourcecode.c.objc; path = "UIImage+MyImage.m"; sourceTree = "<group>"; };
		267F4EA21C900B75002FC931 /* old_iOS8+.png */ = {isa = PBXFileReference; lastKnownFileType = image.png; path = "old_iOS8+.png"; sourceTree = "<group>"; };
		267F4EA31C900B75002FC931 /* old.png */ = {isa = PBXFileReference; lastKnownFileType = image.png; path = old.png; sourceTree = "<group>"; };
/* End PBXFileReference section */

/* Begin PBXFrameworksBuildPhase section */
		267F4E791C8FF6E4002FC931 /* Frameworks */ = {
			isa = PBXFrameworksBuildPhase;
			buildActionMask = 2147483647;
			files = (
			);
			runOnlyForDeploymentPostprocessing = 0;
		};
/* End PBXFrameworksBuildPhase section */

/* Begin PBXGroup section */
		267F4E731C8FF6E4002FC931 = {
			isa = PBXGroup;
			children = (
				267F4E7E1C8FF6E4002FC931 /* RunTimeText */,
				267F4E7D1C8FF6E4002FC931 /* Products */,
			);
			sourceTree = "<group>";
		};
		267F4E7D1C8FF6E4002FC931 /* Products */ = {
			isa = PBXGroup;
			children = (
				267F4E7C1C8FF6E4002FC931 /* RunTimeText.app */,
			);
			name = Products;
			sourceTree = "<group>";
		};
		267F4E7E1C8FF6E4002FC931 /* RunTimeText */ = {
			isa = PBXGroup;
			children = (
				267F4E821C8FF6E4002FC931 /* AppDelegate.h */,
				267F4E831C8FF6E4002FC931 /* AppDelegate.m */,
				267F4E961C8FF7E9002FC931 /* File */,
				267F4E851C8FF6E4002FC931 /* ViewController.h */,
				267F4E861C8FF6E4002FC931 /* ViewController.m */,
				267F4E9B1C8FFD2B002FC931 /* UIImage+MyImage.h */,
				267F4E9C1C8FFD2B002FC931 /* UIImage+MyImage.m */,
				267F4EA21C900B75002FC931 /* old_iOS8+.png */,
				267F4EA31C900B75002FC931 /* old.png */,
				267F4E881C8FF6E4002FC931 /* Main.storyboard */,
				267F4E8B1C8FF6E4002FC931 /* Assets.xcassets */,
				267F4E8D1C8FF6E4002FC931 /* LaunchScreen.storyboard */,
				267F4E901C8FF6E4002FC931 /* Info.plist */,
				267F4E7F1C8FF6E4002FC931 /* Supporting Files */,
			);
			path = RunTimeText;
			sourceTree = "<group>";
		};
		267F4E7F1C8FF6E4002FC931 /* Supporting Files */ = {
			isa = PBXGroup;
			children = (
				267F4E801C8FF6E4002FC931 /* main.m */,
			);
			name = "Supporting Files";
			sourceTree = "<group>";
		};
/* End PBXGroup section */

/* Begin PBXNativeTarget section */
		267F4E7B1C8FF6E4002FC931 /* RunTimeText */ = {
			isa = PBXNativeTarget;
			buildConfigurationList = 267F4E931C8FF6E4002FC931 /* Build configuration list for PBXNativeTarget "RunTimeText" */;
			buildPhases = (
				267F4E781C8FF6E4002FC931 /* Sources */,
				267F4E791C8FF6E4002FC931 /* Frameworks */,
				267F4E7A1C8FF6E4002FC931 /* Resources */,
			);
			buildRules = (
			);
			dependencies = (
			);
			name = RunTimeText;
			productName = RunTimeText;
			productReference = 267F4E7C1C8FF6E4002FC931 /* RunTimeText.app */;
			productType = "com.apple.product-type.application";
		};
/* End PBXNativeTarget section */

/* Begin PBXProject section */
		267F4E741C8FF6E4002FC931 /* Project object */ = {
			isa = PBXProject;
			attributes = {
				LastUpgradeCheck = 0720;
				ORGANIZATIONNAME = Developer;
				TargetAttributes = {
					267F4E7B1C8FF6E4002FC931 = {
						CreatedOnToolsVersion = 7.2.1;
					};
				};
			};
			buildConfigurationList = 267F4E771C8FF6E4002FC931 /* Build configuration list for PBXProject "RunTimeText" */;
			compatibilityVersion = "Xcode 3.2";
			developmentRegion = English;
			hasScannedForEncodings = 0;
			knownRegions = (
				en,
				Base,
			);
			mainGroup = 267F4E731C8FF6E4002FC931;
			productRefGroup = 267F4E7D1C8FF6E4002FC931 /* Products */;
			projectDirPath = "";
			projectRoot = "";
			targets = (
				267F4E7B1C8FF6E4002FC931 /* RunTimeText */,
			);
		};
/* End PBXProject section */

/* Begin PBXResourcesBuildPhase section */
		267F4E7A1C8FF6E4002FC931 /* Resources */ = {
			isa = PBXResourcesBuildPhase;
			buildActionMask = 2147483647;
			files = (
				267F4E971C8FF7E9002FC931 /* File in Resources */,
				267F4EA41C900B76002FC931 /* old_iOS8+.png in Resources */,
				267F4E8F1C8FF6E4002FC931 /* LaunchScreen.storyboard in Resources */,
				267F4EA51C900B76002FC931 /* old.png in Resources */,
				267F4E8C1C8FF6E4002FC931 /* Assets.xcassets in Resources */,
				267F4E8A1C8FF6E4002FC931 /* Main.storyboard in Resources */,
			);
			runOnlyForDeploymentPostprocessing = 0;
		};
/* End PBXResourcesBuildPhase section */

/* Begin PBXSourcesBuildPhase section */
		267F4E781C8FF6E4002FC931 /* Sources */ = {
			isa = PBXSourcesBuildPhase;
			buildActionMask = 2147483647;
			files = (
				267F4E871C8FF6E4002FC931 /* ViewController.m in Sources */,
				267F4E9D1C8FFD2B002FC931 /* UIImage+MyImage.m in Sources */,
				267F4E841C8FF6E4002FC931 /* AppDelegate.m in Sources */,
				267F4E811C8FF6E4002FC931 /* main.m in Sources */,
			);
			runOnlyForDeploymentPostprocessing = 0;
		};
/* End PBXSourcesBuildPhase section */

/* Begin PBXVariantGroup section */
		267F4E881C8FF6E4002FC931 /* Main.storyboard */ = {
			isa = PBXVariantGroup;
			children = (
				267F4E891C8FF6E4002FC931 /* Base */,
			);
			name = Main.storyboard;
			sourceTree = "<group>";
		};
		267F4E8D1C8FF6E4002FC931 /* LaunchScreen.storyboard */ = {
			isa = PBXVariantGroup;
			children = (
				267F4E8E1C8FF6E4002FC931 /* Base */,
			);
			name = LaunchScreen.storyboard;
			sourceTree = "<group>";
		};
/* End PBXVariantGroup section */

/* Begin XCBuildConfiguration section */
		267F4E911C8FF6E4002FC931 /* Debug */ = {
			isa = XCBuildConfiguration;
			buildSettings = {
				ALWAYS_SEARCH_USER_PATHS = NO;
				CLANG_CXX_LANGUAGE_STANDARD = "gnu++0x";
				CLANG_CXX_LIBRARY = "libc++";
				CLANG_ENABLE_MODULES = YES;
				CLANG_ENABLE_OBJC_ARC = YES;
				CLANG_WARN_BOOL_CONVERSION = YES;
				CLANG_WARN_CONSTANT_CONVERSION = YES;
				CLANG_WARN_DIRECT_OBJC_ISA_USAGE = YES_ERROR;
				CLANG_WARN_EMPTY_BODY = YES;
				CLANG_WARN_ENUM_CONVERSION = YES;
				CLANG_WARN_INT_CONVERSION = YES;
				CLANG_WARN_OBJC_ROOT_CLASS = YES_ERROR;
				CLANG_WARN_UNREACHABLE_CODE = YES;
				CLANG_WARN__DUPLICATE_METHOD_MATCH = YES;
				"CODE_SIGN_IDENTITY[sdk=iphoneos*]" = "iPhone Developer";
				COPY_PHASE_STRIP = NO;
				DEBUG_INFORMATION_FORMAT = dwarf;
				ENABLE_STRICT_OBJC_MSGSEND = YES;
				ENABLE_TESTABILITY = YES;
				GCC_C_LANGUAGE_STANDARD = gnu99;
				GCC_DYNAMIC_NO_PIC = NO;
				GCC_NO_COMMON_BLOCKS = YES;
				GCC_OPTIMIZATION_LEVEL = 0;
				GCC_PREPROCESSOR_DEFINITIONS = (
					"DEBUG=1",
					"$(inherited)",
				);
				GCC_WARN_64_TO_32_BIT_CONVERSION = YES;
				GCC_WARN_ABOUT_RETURN_TYPE = YES_ERROR;
				GCC_WARN_UNDECLARED_SELECTOR = YES;
				GCC_WARN_UNINITIALIZED_AUTOS = YES_AGGRESSIVE;
				GCC_WARN_UNUSED_FUNCTION = YES;
				GCC_WARN_UNUSED_VARIABLE = YES;
				IPHONEOS_DEPLOYMENT_TARGET = 9.2;
				MTL_ENABLE_DEBUG_INFO = YES;
				ONLY_ACTIVE_ARCH = YES;
				SDKROOT = iphoneos;
				TARGETED_DEVICE_FAMILY = "1,2";
			};
			name = Debug;
		};
		267F4E921C8FF6E4002FC931 /* Release */ = {
			isa = XCBuildConfiguration;
			buildSettings = {
				ALWAYS_SEARCH_USER_PATHS = NO;
				CLANG_CXX_LANGUAGE_STANDARD = "gnu++0x";
				CLANG_CXX_LIBRARY = "libc++";
				CLANG_ENABLE_MODULES = YES;
				CLANG_ENABLE_OBJC_ARC = YES;
				CLANG_WARN_BOOL_CONVERSION = YES;
				CLANG_WARN_CONSTANT_CONVERSION = YES;
				CLANG_WARN_DIRECT_OBJC_ISA_USAGE = YES_ERROR;
				CLANG_WARN_EMPTY_BODY = YES;
				CLANG_WARN_ENUM_CONVERSION = YES;
				CLANG_WARN_INT_CONVERSION = YES;
				CLANG_WARN_OBJC_ROOT_CLASS = YES_ERROR;
				CLANG_WARN_UNREACHABLE_CODE = YES;
				CLANG_WARN__DUPLICATE_METHOD_MATCH = YES;
				"CODE_SIGN_IDENTITY[sdk=iphoneos*]" = "iPhone Developer";
				COPY_PHASE_STRIP = NO;
				DEBUG_INFORMATION_FORMAT = "dwarf-with-dsym";
				ENABLE_NS_ASSERTIONS = NO;
				ENABLE_STRICT_OBJC_MSGSEND = YES;
				GCC_C_LANGUAGE_STANDARD = gnu99;
				GCC_NO_COMMON_BLOCKS = YES;
				GCC_WARN_64_TO_32_BIT_CONVERSION = YES;
				GCC_WARN_ABOUT_RETURN_TYPE = YES_ERROR;
				GCC_WARN_UNDECLARED_SELECTOR = YES;
				GCC_WARN_UNINITIALIZED_AUTOS = YES_AGGRESSIVE;
				GCC_WARN_UNUSED_FUNCTION = YES;
				GCC_WARN_UNUSED_VARIABLE = YES;
				IPHONEOS_DEPLOYMENT_TARGET = 9.2;
				MTL_ENABLE_DEBUG_INFO = NO;
				SDKROOT = iphoneos;
				TARGETED_DEVICE_FAMILY = "1,2";
				VALIDATE_PRODUCT = YES;
			};
			name = Release;
		};
		267F4E941C8FF6E4002FC931 /* Debug */ = {
			isa = XCBuildConfiguration;
			buildSettings = {
				ASSETCATALOG_COMPILER_APPICON_NAME = AppIcon;
				INFOPLIST_FILE = RunTimeText/Info.plist;
				LD_RUNPATH_SEARCH_PATHS = "$(inherited) @executable_path/Frameworks";
				PRODUCT_BUNDLE_IDENTIFIER = com.MeiYeBang.RunTimeText;
				PRODUCT_NAME = "$(TARGET_NAME)";
			};
			name = Debug;
		};
		267F4E951C8FF6E4002FC931 /* Release */ = {
			isa = XCBuildConfiguration;
			buildSettings = {
				ASSETCATALOG_COMPILER_APPICON_NAME = AppIcon;
				INFOPLIST_FILE = RunTimeText/Info.plist;
				LD_RUNPATH_SEARCH_PATHS = "$(inherited) @executable_path/Frameworks";
				PRODUCT_BUNDLE_IDENTIFIER = com.MeiYeBang.RunTimeText;
				PRODUCT_NAME = "$(TARGET_NAME)";
			};
			name = Release;
		};
/* End XCBuildConfiguration section */

/* Begin XCConfigurationList section */
		267F4E771C8FF6E4002FC931 /* Build configuration list for PBXProject "RunTimeText" */ = {
			isa = XCConfigurationList;
			buildConfigurations = (
				267F4E911C8FF6E4002FC931 /* Debug */,
				267F4E921C8FF6E4002FC931 /* Release */,
			);
			defaultConfigurationIsVisible = 0;
			defaultConfigurationName = Release;
		};
		267F4E931C8FF6E4002FC931 /* Build configuration list for PBXNativeTarget "RunTimeText" */ = {
			isa = XCConfigurationList;
			buildConfigurations = (
				267F4E941C8FF6E4002FC931 /* Debug */,
				267F4E951C8FF6E4002FC931 /* Release */,
			);
			defaultConfigurationIsVisible = 0;
		};
/* End XCConfigurationList section */
	};
	rootObject = 267F4E741C8FF6E4002FC931 /* Project object */;
}
